# This file is autogenerated, do not edit; changes may be undone by the next 'dep ensure'.


[[projects]]
  name = "github.com/eclipse/paho.mqtt.golang"
  packages = [
    ".",
    "packets"
  ]
  revision = "36d01c2b4cbeb3d2a12063e4880ce30800af9560"
  version = "v1.1.1"

[[projects]]
  name = "github.com/go-ozzo/ozzo-validation"
  packages = ["."]
  revision = "85dcd8368eba387e65a03488b003e233994e87e9"
  version = "v3.3"

[[projects]]
  branch = "master"
  name = "github.com/sirkuttin/edge_vehicle_data"
  packages = ["."]
  revision = "4084383b56b7bc2456f61bd7d5bd52127d1f082f"

[[projects]]
  branch = "master"
  name = "github.com/sirkuttin/mqtt"
  packages = ["."]
  revision = "6db8443b36abea54f933cb5fa2cdbeaa8b56c59a"

[[projects]]
  branch = "master"
  name = "golang.org/x/net"
  packages = [
    "internal/socks",
    "proxy",
    "websocket"
  ]
  revision = "61147c48b25b599e5b561d2e9c4f3e1ef489ca41"

[solve-meta]
  analyzer-name = "dep"
  analyzer-version = 1
  inputs-digest = "f4ea37c796cde198032240064b233ff93b2622446e8f3b27fa6d320eddedbbf2"
  solver-name = "gps-cdcl"
  solver-version = 1
